
Microsoft Visual Studio Solution File, Format Version 12.00
# Visual Studio Version 16
VisualStudioVersion = 16.0.32002.261
MinimumVisualStudioVersion = 10.0.40219.1
Project("{FAE04EC0-301F-11D3-BF4B-00C04F79EFBC}") = "T01.RecursiveArraySum", "T01.RecursiveArraySum\T01.RecursiveArraySum.csproj", "{40828532-F726-46C2-9CD5-981D907A391A}"
EndProject
Project("{FAE04EC0-301F-11D3-BF4B-00C04F79EFBC}") = "T02.RecursiveFactorial", "T02.RecursiveFactorial\T02.RecursiveFactorial.csproj", "{9CD0AA00-83A4-4ECD-81A3-3DF26F20DDCF}"
EndProject
Global
	GlobalSection(SolutionConfigurationPlatforms) = preSolution
		Debug|Any CPU = Debug|Any CPU
		Release|Any CPU = Release|Any CPU
	EndGlobalSection
	GlobalSection(ProjectConfigurationPlatforms) = postSolution
		{40828532-F726-46C2-9CD5-981D907A391A}.Debug|Any CPU.ActiveCfg = Debug|Any CPU
		{40828532-F726-46C2-9CD5-981D907A391A}.Debug|Any CPU.Build.0 = Debug|Any CPU
		{40828532-F726-46C2-9CD5-981D907A391A}.Release|Any CPU.ActiveCfg = Release|Any CPU
		{40828532-F726-46C2-9CD5-981D907A391A}.Release|Any CPU.Build.0 = Release|Any CPU
		{9CD0AA00-83A4-4ECD-81A3-3DF26F20DDCF}.Debug|Any CPU.ActiveCfg = Debug|Any CPU
		{9CD0AA00-83A4-4ECD-81A3-3DF26F20DDCF}.Debug|Any CPU.Build.0 = Debug|Any CPU
		{9CD0AA00-83A4-4ECD-81A3-3DF26F20DDCF}.Release|Any CPU.ActiveCfg = Release|Any CPU
		{9CD0AA00-83A4-4ECD-81A3-3DF26F20DDCF}.Release|Any CPU.Build.0 = Release|Any CPU
	EndGlobalSection
	GlobalSection(SolutionProperties) = preSolution
		HideSolutionNode = FALSE
	EndGlobalSection
	GlobalSection(ExtensibilityGlobals) = postSolution
		SolutionGuid = {CB68DC10-6216-44F6-A436-D803960EC1C9}
	EndGlobalSection
EndGlobal
