
Microsoft Visual Studio Solution File, Format Version 12.00
# Visual Studio Version 16
VisualStudioVersion = 16.0.32002.261
MinimumVisualStudioVersion = 10.0.40219.1
Project("{9A19103F-16F7-4668-BE54-9A1E7A4F7556}") = "T01.FoodFinder", "T01.FoodFinder\T01.FoodFinder.csproj", "{41FA1AB7-C7E1-43A5-81D7-2A002A1EFDE9}"
EndProject
Project("{9A19103F-16F7-4668-BE54-9A1E7A4F7556}") = "T02.PawnWars", "T02.PawnWars\T02.PawnWars.csproj", "{4CE0A5C1-21E9-4A8E-BB56-E44DA08973FE}"
EndProject
Project("{FAE04EC0-301F-11D3-BF4B-00C04F79EFBC}") = "StockMarket", "T03.StockMarket\StockMarket.csproj", "{5DACA9D3-9248-49F7-AF08-406D986AB76C}"
EndProject
Global
	GlobalSection(SolutionConfigurationPlatforms) = preSolution
		Debug|Any CPU = Debug|Any CPU
		Release|Any CPU = Release|Any CPU
	EndGlobalSection
	GlobalSection(ProjectConfigurationPlatforms) = postSolution
		{41FA1AB7-C7E1-43A5-81D7-2A002A1EFDE9}.Debug|Any CPU.ActiveCfg = Debug|Any CPU
		{41FA1AB7-C7E1-43A5-81D7-2A002A1EFDE9}.Debug|Any CPU.Build.0 = Debug|Any CPU
		{41FA1AB7-C7E1-43A5-81D7-2A002A1EFDE9}.Release|Any CPU.ActiveCfg = Release|Any CPU
		{41FA1AB7-C7E1-43A5-81D7-2A002A1EFDE9}.Release|Any CPU.Build.0 = Release|Any CPU
		{4CE0A5C1-21E9-4A8E-BB56-E44DA08973FE}.Debug|Any CPU.ActiveCfg = Debug|Any CPU
		{4CE0A5C1-21E9-4A8E-BB56-E44DA08973FE}.Debug|Any CPU.Build.0 = Debug|Any CPU
		{4CE0A5C1-21E9-4A8E-BB56-E44DA08973FE}.Release|Any CPU.ActiveCfg = Release|Any CPU
		{4CE0A5C1-21E9-4A8E-BB56-E44DA08973FE}.Release|Any CPU.Build.0 = Release|Any CPU
		{5DACA9D3-9248-49F7-AF08-406D986AB76C}.Debug|Any CPU.ActiveCfg = Debug|Any CPU
		{5DACA9D3-9248-49F7-AF08-406D986AB76C}.Debug|Any CPU.Build.0 = Debug|Any CPU
		{5DACA9D3-9248-49F7-AF08-406D986AB76C}.Release|Any CPU.ActiveCfg = Release|Any CPU
		{5DACA9D3-9248-49F7-AF08-406D986AB76C}.Release|Any CPU.Build.0 = Release|Any CPU
	EndGlobalSection
	GlobalSection(SolutionProperties) = preSolution
		HideSolutionNode = FALSE
	EndGlobalSection
	GlobalSection(ExtensibilityGlobals) = postSolution
		SolutionGuid = {8CC40AB9-DB78-48C2-99CA-765E337EA0A7}
	EndGlobalSection
EndGlobal
