
Microsoft Visual Studio Solution File, Format Version 12.00
# Visual Studio Version 16
VisualStudioVersion = 16.0.32002.261
MinimumVisualStudioVersion = 10.0.40219.1
Project("{FAE04EC0-301F-11D3-BF4B-00C04F79EFBC}") = "T01.FlowerWreaths", "T01.FlowerWreaths\T01.FlowerWreaths.csproj", "{75D3FFF8-10BD-4D1D-BEF9-FC429CE7625F}"
EndProject
Project("{FAE04EC0-301F-11D3-BF4B-00C04F79EFBC}") = "T02.Bee", "T02.Bee\T02.Bee.csproj", "{57957C06-88A6-4B85-B59B-E997FC650611}"
EndProject
Project("{FAE04EC0-301F-11D3-BF4B-00C04F79EFBC}") = "VetClinic", "T03.VetClinic\VetClinic.csproj", "{6FCD0953-876C-4F24-B164-DC6CBBA9CA6A}"
EndProject
Global
	GlobalSection(SolutionConfigurationPlatforms) = preSolution
		Debug|Any CPU = Debug|Any CPU
		Release|Any CPU = Release|Any CPU
	EndGlobalSection
	GlobalSection(ProjectConfigurationPlatforms) = postSolution
		{75D3FFF8-10BD-4D1D-BEF9-FC429CE7625F}.Debug|Any CPU.ActiveCfg = Debug|Any CPU
		{75D3FFF8-10BD-4D1D-BEF9-FC429CE7625F}.Debug|Any CPU.Build.0 = Debug|Any CPU
		{75D3FFF8-10BD-4D1D-BEF9-FC429CE7625F}.Release|Any CPU.ActiveCfg = Release|Any CPU
		{75D3FFF8-10BD-4D1D-BEF9-FC429CE7625F}.Release|Any CPU.Build.0 = Release|Any CPU
		{57957C06-88A6-4B85-B59B-E997FC650611}.Debug|Any CPU.ActiveCfg = Debug|Any CPU
		{57957C06-88A6-4B85-B59B-E997FC650611}.Debug|Any CPU.Build.0 = Debug|Any CPU
		{57957C06-88A6-4B85-B59B-E997FC650611}.Release|Any CPU.ActiveCfg = Release|Any CPU
		{57957C06-88A6-4B85-B59B-E997FC650611}.Release|Any CPU.Build.0 = Release|Any CPU
		{6FCD0953-876C-4F24-B164-DC6CBBA9CA6A}.Debug|Any CPU.ActiveCfg = Debug|Any CPU
		{6FCD0953-876C-4F24-B164-DC6CBBA9CA6A}.Debug|Any CPU.Build.0 = Debug|Any CPU
		{6FCD0953-876C-4F24-B164-DC6CBBA9CA6A}.Release|Any CPU.ActiveCfg = Release|Any CPU
		{6FCD0953-876C-4F24-B164-DC6CBBA9CA6A}.Release|Any CPU.Build.0 = Release|Any CPU
	EndGlobalSection
	GlobalSection(SolutionProperties) = preSolution
		HideSolutionNode = FALSE
	EndGlobalSection
	GlobalSection(ExtensibilityGlobals) = postSolution
		SolutionGuid = {2D786108-1604-48EA-AE73-3CCDA752F60C}
	EndGlobalSection
EndGlobal
