
Microsoft Visual Studio Solution File, Format Version 12.00
# Visual Studio Version 16
VisualStudioVersion = 16.0.32002.261
MinimumVisualStudioVersion = 10.0.40219.1
Project("{FAE04EC0-301F-11D3-BF4B-00C04F79EFBC}") = "T01.Lootbox", "T01.Lootbox\T01.Lootbox.csproj", "{91BA3F52-F525-47A8-A489-8B7459FA8312}"
EndProject
Project("{FAE04EC0-301F-11D3-BF4B-00C04F79EFBC}") = "T02.ReVolt", "T02.ReVolt\T02.ReVolt.csproj", "{F9D8E7A7-E7F3-44C9-8A09-FDF81EDF7502}"
EndProject
Project("{FAE04EC0-301F-11D3-BF4B-00C04F79EFBC}") = "Guild", "T03.Guild\Guild.csproj", "{0036AA96-B9C0-45D8-87C2-6145F0AD9D48}"
EndProject
Global
	GlobalSection(SolutionConfigurationPlatforms) = preSolution
		Debug|Any CPU = Debug|Any CPU
		Release|Any CPU = Release|Any CPU
	EndGlobalSection
	GlobalSection(ProjectConfigurationPlatforms) = postSolution
		{91BA3F52-F525-47A8-A489-8B7459FA8312}.Debug|Any CPU.ActiveCfg = Debug|Any CPU
		{91BA3F52-F525-47A8-A489-8B7459FA8312}.Debug|Any CPU.Build.0 = Debug|Any CPU
		{91BA3F52-F525-47A8-A489-8B7459FA8312}.Release|Any CPU.ActiveCfg = Release|Any CPU
		{91BA3F52-F525-47A8-A489-8B7459FA8312}.Release|Any CPU.Build.0 = Release|Any CPU
		{F9D8E7A7-E7F3-44C9-8A09-FDF81EDF7502}.Debug|Any CPU.ActiveCfg = Debug|Any CPU
		{F9D8E7A7-E7F3-44C9-8A09-FDF81EDF7502}.Debug|Any CPU.Build.0 = Debug|Any CPU
		{F9D8E7A7-E7F3-44C9-8A09-FDF81EDF7502}.Release|Any CPU.ActiveCfg = Release|Any CPU
		{F9D8E7A7-E7F3-44C9-8A09-FDF81EDF7502}.Release|Any CPU.Build.0 = Release|Any CPU
		{0036AA96-B9C0-45D8-87C2-6145F0AD9D48}.Debug|Any CPU.ActiveCfg = Debug|Any CPU
		{0036AA96-B9C0-45D8-87C2-6145F0AD9D48}.Debug|Any CPU.Build.0 = Debug|Any CPU
		{0036AA96-B9C0-45D8-87C2-6145F0AD9D48}.Release|Any CPU.ActiveCfg = Release|Any CPU
		{0036AA96-B9C0-45D8-87C2-6145F0AD9D48}.Release|Any CPU.Build.0 = Release|Any CPU
	EndGlobalSection
	GlobalSection(SolutionProperties) = preSolution
		HideSolutionNode = FALSE
	EndGlobalSection
	GlobalSection(ExtensibilityGlobals) = postSolution
		SolutionGuid = {7046D557-B536-42EC-985F-9E2B6F1B864A}
	EndGlobalSection
EndGlobal
