
Microsoft Visual Studio Solution File, Format Version 12.00
# Visual Studio Version 16
VisualStudioVersion = 16.0.32002.261
MinimumVisualStudioVersion = 10.0.40219.1
Project("{FAE04EC0-301F-11D3-BF4B-00C04F79EFBC}") = "T01.Masterchef", "T01.Masterchef\T01.Masterchef.csproj", "{FA3554BA-E319-4B36-8828-AFC9679120E0}"
EndProject
Project("{FAE04EC0-301F-11D3-BF4B-00C04F79EFBC}") = "T02.Survivor", "T02.Survivor\T02.Survivor.csproj", "{B48D87CD-5E34-4A05-A370-09CD55230444}"
EndProject
Project("{FAE04EC0-301F-11D3-BF4B-00C04F79EFBC}") = "SkiRental", "T03.SkiRental\SkiRental.csproj", "{ADD793DE-1535-4F47-BC77-5A16799F6F3E}"
EndProject
Global
	GlobalSection(SolutionConfigurationPlatforms) = preSolution
		Debug|Any CPU = Debug|Any CPU
		Release|Any CPU = Release|Any CPU
	EndGlobalSection
	GlobalSection(ProjectConfigurationPlatforms) = postSolution
		{FA3554BA-E319-4B36-8828-AFC9679120E0}.Debug|Any CPU.ActiveCfg = Debug|Any CPU
		{FA3554BA-E319-4B36-8828-AFC9679120E0}.Debug|Any CPU.Build.0 = Debug|Any CPU
		{FA3554BA-E319-4B36-8828-AFC9679120E0}.Release|Any CPU.ActiveCfg = Release|Any CPU
		{FA3554BA-E319-4B36-8828-AFC9679120E0}.Release|Any CPU.Build.0 = Release|Any CPU
		{B48D87CD-5E34-4A05-A370-09CD55230444}.Debug|Any CPU.ActiveCfg = Debug|Any CPU
		{B48D87CD-5E34-4A05-A370-09CD55230444}.Debug|Any CPU.Build.0 = Debug|Any CPU
		{B48D87CD-5E34-4A05-A370-09CD55230444}.Release|Any CPU.ActiveCfg = Release|Any CPU
		{B48D87CD-5E34-4A05-A370-09CD55230444}.Release|Any CPU.Build.0 = Release|Any CPU
		{ADD793DE-1535-4F47-BC77-5A16799F6F3E}.Debug|Any CPU.ActiveCfg = Debug|Any CPU
		{ADD793DE-1535-4F47-BC77-5A16799F6F3E}.Debug|Any CPU.Build.0 = Debug|Any CPU
		{ADD793DE-1535-4F47-BC77-5A16799F6F3E}.Release|Any CPU.ActiveCfg = Release|Any CPU
		{ADD793DE-1535-4F47-BC77-5A16799F6F3E}.Release|Any CPU.Build.0 = Release|Any CPU
	EndGlobalSection
	GlobalSection(SolutionProperties) = preSolution
		HideSolutionNode = FALSE
	EndGlobalSection
	GlobalSection(ExtensibilityGlobals) = postSolution
		SolutionGuid = {9B0189FA-C682-47E4-9F80-A831125EF92E}
	EndGlobalSection
EndGlobal
