
Microsoft Visual Studio Solution File, Format Version 12.00
# Visual Studio Version 16
VisualStudioVersion = 16.0.32002.261
MinimumVisualStudioVersion = 10.0.40219.1
Project("{FAE04EC0-301F-11D3-BF4B-00C04F79EFBC}") = "CustomDataStructures", "CustomDataStructures\CustomDataStructures.csproj", "{4BFACF29-8148-4BD2-95C4-C8798CD46484}"
EndProject
Global
	GlobalSection(SolutionConfigurationPlatforms) = preSolution
		Debug|Any CPU = Debug|Any CPU
		Release|Any CPU = Release|Any CPU
	EndGlobalSection
	GlobalSection(ProjectConfigurationPlatforms) = postSolution
		{4BFACF29-8148-4BD2-95C4-C8798CD46484}.Debug|Any CPU.ActiveCfg = Debug|Any CPU
		{4BFACF29-8148-4BD2-95C4-C8798CD46484}.Debug|Any CPU.Build.0 = Debug|Any CPU
		{4BFACF29-8148-4BD2-95C4-C8798CD46484}.Release|Any CPU.ActiveCfg = Release|Any CPU
		{4BFACF29-8148-4BD2-95C4-C8798CD46484}.Release|Any CPU.Build.0 = Release|Any CPU
	EndGlobalSection
	GlobalSection(SolutionProperties) = preSolution
		HideSolutionNode = FALSE
	EndGlobalSection
	GlobalSection(ExtensibilityGlobals) = postSolution
		SolutionGuid = {39D556A1-F732-43D4-96F6-671CD6DC0070}
	EndGlobalSection
EndGlobal
